// !$*UTF8*$!
{
	archiveVersion = 1;
	classes = {
	};
	objectVersion = 55;
	objects = {

/* Begin PBXBuildFile section */
		841F214027B32BE20084D6F1 /* AppDelegate.swift in Sources */ = {isa = PBXBuildFile; fileRef = 841F213F27B32BE20084D6F1 /* AppDelegate.swift */; };
		841F214227B32BE20084D6F1 /* SceneDelegate.swift in Sources */ = {isa = PBXBuildFile; fileRef = 841F214127B32BE20084D6F1 /* SceneDelegate.swift */; };
		841F214427B32BE20084D6F1 /* ViewController.swift in Sources */ = {isa = PBXBuildFile; fileRef = 841F214327B32BE20084D6F1 /* ViewController.swift */; };
		841F214727B32BE20084D6F1 /* Main.storyboard in Resources */ = {isa = PBXBuildFile; fileRef = 841F214527B32BE20084D6F1 /* Main.storyboard */; };
		841F214927B32BE40084D6F1 /* Assets.xcassets in Resources */ = {isa = PBXBuildFile; fileRef = 841F214827B32BE40084D6F1 /* Assets.xcassets */; };
		841F214C27B32BE40084D6F1 /* LaunchScreen.storyboard in Resources */ = {isa = PBXBuildFile; fileRef = 841F214A27B32BE40084D6F1 /* LaunchScreen.storyboard */; };
		841F215727B32BE50084D6F1 /* practice_appTests.swift in Sources */ = {isa = PBXBuildFile; fileRef = 841F215627B32BE50084D6F1 /* practice_appTests.swift */; };
		841F216127B32BE50084D6F1 /* practice_appUITests.swift in Sources */ = {isa = PBXBuildFile; fileRef = 841F216027B32BE50084D6F1 /* practice_appUITests.swift */; };
		841F216327B32BE50084D6F1 /* practice_appUITestsLaunchTests.swift in Sources */ = {isa = PBXBuildFile; fileRef = 841F216227B32BE50084D6F1 /* practice_appUITestsLaunchTests.swift */; };
/* End PBXBuildFile section */

/* Begin PBXContainerItemProxy section */
		841F215327B32BE50084D6F1 /* PBXContainerItemProxy */ = {
			isa = PBXContainerItemProxy;
			containerPortal = 841F213427B32BE20084D6F1 /* Project object */;
			proxyType = 1;
			remoteGlobalIDString = 841F213B27B32BE20084D6F1;
			remoteInfo = practice_app;
		};
		841F215D27B32BE50084D6F1 /* PBXContainerItemProxy */ = {
			isa = PBXContainerItemProxy;
			containerPortal = 841F213427B32BE20084D6F1 /* Project object */;
			proxyType = 1;
			remoteGlobalIDString = 841F213B27B32BE20084D6F1;
			remoteInfo = practice_app;
		};
/* End PBXContainerItemProxy section */

/* Begin PBXFileReference section */
		841F213C27B32BE20084D6F1 /* practice_app.app */ = {isa = PBXFileReference; explicitFileType = wrapper.application; includeInIndex = 0; path = practice_app.app; sourceTree = BUILT_PRODUCTS_DIR; };
		841F213F27B32BE20084D6F1 /* AppDelegate.swift */ = {isa = PBXFileReference; lastKnownFileType = sourcecode.swift; path = AppDelegate.swift; sourceTree = "<group>"; };
		841F214127B32BE20084D6F1 /* SceneDelegate.swift */ = {isa = PBXFileReference; lastKnownFileType = sourcecode.swift; path = SceneDelegate.swift; sourceTree = "<group>"; };
		841F214327B32BE20084D6F1 /* ViewController.swift */ = {isa = PBXFileReference; lastKnownFileType = sourcecode.swift; path = ViewController.swift; sourceTree = "<group>"; };
		841F214627B32BE20084D6F1 /* Base */ = {isa = PBXFileReference; lastKnownFileType = file.storyboard; name = Base; path = Base.lproj/Main.storyboard; sourceTree = "<group>"; };
		841F214827B32BE40084D6F1 /* Assets.xcassets */ = {isa = PBXFileReference; lastKnownFileType = folder.assetcatalog; path = Assets.xcassets; sourceTree = "<group>"; };
		841F214B27B32BE40084D6F1 /* Base */ = {isa = PBXFileReference; lastKnownFileType = file.storyboard; name = Base; path = Base.lproj/LaunchScreen.storyboard; sourceTree = "<group>"; };
		841F214D27B32BE40084D6F1 /* Info.plist */ = {isa = PBXFileReference; lastKnownFileType = text.plist.xml; path = Info.plist; sourceTree = "<group>"; };
		841F215227B32BE50084D6F1 /* practice_appTests.xctest */ = {isa = PBXFileReference; explicitFileType = wrapper.cfbundle; includeInIndex = 0; path = practice_appTests.xctest; sourceTree = BUILT_PRODUCTS_DIR; };
		841F215627B32BE50084D6F1 /* practice_appTests.swift */ = {isa = PBXFileReference; lastKnownFileType = sourcecode.swift; path = practice_appTests.swift; sourceTree = "<group>"; };
		841F215C27B32BE50084D6F1 /* practice_appUITests.xctest */ = {isa = PBXFileReference; explicitFileType = wrapper.cfbundle; includeInIndex = 0; path = practice_appUITests.xctest; sourceTree = BUILT_PRODUCTS_DIR; };
		841F216027B32BE50084D6F1 /* practice_appUITests.swift */ = {isa = PBXFileReference; lastKnownFileType = sourcecode.swift; path = practice_appUITests.swift; sourceTree = "<group>"; };
		841F216227B32BE50084D6F1 /* practice_appUITestsLaunchTests.swift */ = {isa = PBXFileReference; lastKnownFileType = sourcecode.swift; path = practice_appUITestsLaunchTests.swift; sourceTree = "<group>"; };
/* End PBXFileReference section */

/* Begin PBXFrameworksBuildPhase section */
		841F213927B32BE20084D6F1 /* Frameworks */ = {
			isa = PBXFrameworksBuildPhase;
			buildActionMask = 2147483647;
			files = (
			);
			runOnlyForDeploymentPostprocessing = 0;
		};
		841F214F27B32BE50084D6F1 /* Frameworks */ = {
			isa = PBXFrameworksBuildPhase;
			buildActionMask = 2147483647;
			files = (
			);
			runOnlyForDeploymentPostprocessing = 0;
		};
		841F215927B32BE50084D6F1 /* Frameworks */ = {
			isa = PBXFrameworksBuildPhase;
			buildActionMask = 2147483647;
			files = (
			);
			runOnlyForDeploymentPostprocessing = 0;
		};
/* End PBXFrameworksBuildPhase section */

/* Begin PBXGroup section */
		841F213327B32BE20084D6F1 = {
			isa = PBXGroup;
			children = (
				841F213E27B32BE20084D6F1 /* practice_app */,
				841F215527B32BE50084D6F1 /* practice_appTests */,
				841F215F27B32BE50084D6F1 /* practice_appUITests */,
				841F213D27B32BE20084D6F1 /* Products */,
			);
			sourceTree = "<group>";
		};
		841F213D27B32BE20084D6F1 /* Products */ = {
			isa = PBXGroup;
			children = (
				841F213C27B32BE20084D6F1 /* practice_app.app */,
				841F215227B32BE50084D6F1 /* practice_appTests.xctest */,
				841F215C27B32BE50084D6F1 /* practice_appUITests.xctest */,
			);
			name = Products;
			sourceTree = "<group>";
		};
		841F213E27B32BE20084D6F1 /* practice_app */ = {
			isa = PBXGroup;
			children = (
				841F213F27B32BE20084D6F1 /* AppDelegate.swift */,
				841F214127B32BE20084D6F1 /* SceneDelegate.swift */,
				841F214327B32BE20084D6F1 /* ViewController.swift */,
				841F214527B32BE20084D6F1 /* Main.storyboard */,
				841F214827B32BE40084D6F1 /* Assets.xcassets */,
				841F214A27B32BE40084D6F1 /* LaunchScreen.storyboard */,
				841F214D27B32BE40084D6F1 /* Info.plist */,
			);
			path = practice_app;
			sourceTree = "<group>";
		};
		841F215527B32BE50084D6F1 /* practice_appTests */ = {
			isa = PBXGroup;
			children = (
				841F215627B32BE50084D6F1 /* practice_appTests.swift */,
			);
			path = practice_appTests;
			sourceTree = "<group>";
		};
		841F215F27B32BE50084D6F1 /* practice_appUITests */ = {
			isa = PBXGroup;
			children = (
				841F216027B32BE50084D6F1 /* practice_appUITests.swift */,
				841F216227B32BE50084D6F1 /* practice_appUITestsLaunchTests.swift */,
			);
			path = practice_appUITests;
			sourceTree = "<group>";
		};
/* End PBXGroup section */

/* Begin PBXNativeTarget section */
		841F213B27B32BE20084D6F1 /* practice_app */ = {
			isa = PBXNativeTarget;
			buildConfigurationList = 841F216627B32BE50084D6F1 /* Build configuration list for PBXNativeTarget "practice_app" */;
			buildPhases = (
				841F213827B32BE20084D6F1 /* Sources */,
				841F213927B32BE20084D6F1 /* Frameworks */,
				841F213A27B32BE20084D6F1 /* Resources */,
			);
			buildRules = (
			);
			dependencies = (
			);
			name = practice_app;
			productName = practice_app;
			productReference = 841F213C27B32BE20084D6F1 /* practice_app.app */;
			productType = "com.apple.product-type.application";
		};
		841F215127B32BE50084D6F1 /* practice_appTests */ = {
			isa = PBXNativeTarget;
			buildConfigurationList = 841F216927B32BE50084D6F1 /* Build configuration list for PBXNativeTarget "practice_appTests" */;
			buildPhases = (
				841F214E27B32BE50084D6F1 /* Sources */,
				841F214F27B32BE50084D6F1 /* Frameworks */,
				841F215027B32BE50084D6F1 /* Resources */,
			);
			buildRules = (
			);
			dependencies = (
				841F215427B32BE50084D6F1 /* PBXTargetDependency */,
			);
			name = practice_appTests;
			productName = practice_appTests;
			productReference = 841F215227B32BE50084D6F1 /* practice_appTests.xctest */;
			productType = "com.apple.product-type.bundle.unit-test";
		};
		841F215B27B32BE50084D6F1 /* practice_appUITests */ = {
			isa = PBXNativeTarget;
			buildConfigurationList = 841F216C27B32BE50084D6F1 /* Build configuration list for PBXNativeTarget "practice_appUITests" */;
			buildPhases = (
				841F215827B32BE50084D6F1 /* Sources */,
				841F215927B32BE50084D6F1 /* Frameworks */,
				841F215A27B32BE50084D6F1 /* Resources */,
			);
			buildRules = (
			);
			dependencies = (
				841F215E27B32BE50084D6F1 /* PBXTargetDependency */,
			);
			name = practice_appUITests;
			productName = practice_appUITests;
			productReference = 841F215C27B32BE50084D6F1 /* practice_appUITests.xctest */;
			productType = "com.apple.product-type.bundle.ui-testing";
		};
/* End PBXNativeTarget section */

/* Begin PBXProject section */
		841F213427B32BE20084D6F1 /* Project object */ = {
			isa = PBXProject;
			attributes = {
				BuildIndependentTargetsInParallel = 1;
				LastSwiftUpdateCheck = 1320;
				LastUpgradeCheck = 1320;
				TargetAttributes = {
					841F213B27B32BE20084D6F1 = {
						CreatedOnToolsVersion = 13.2.1;
					};
					841F215127B32BE50084D6F1 = {
						CreatedOnToolsVersion = 13.2.1;
						TestTargetID = 841F213B27B32BE20084D6F1;
					};
					841F215B27B32BE50084D6F1 = {
						CreatedOnToolsVersion = 13.2.1;
						TestTargetID = 841F213B27B32BE20084D6F1;
					};
				};
			};
			buildConfigurationList = 841F213727B32BE20084D6F1 /* Build configuration list for PBXProject "practice_app" */;
			compatibilityVersion = "Xcode 13.0";
			developmentRegion = en;
			hasScannedForEncodings = 0;
			knownRegions = (
				en,
				Base,
			);
			mainGroup = 841F213327B32BE20084D6F1;
			productRefGroup = 841F213D27B32BE20084D6F1 /* Products */;
			projectDirPath = "";
			projectRoot = "";
			targets = (
				841F213B27B32BE20084D6F1 /* practice_app */,
				841F215127B32BE50084D6F1 /* practice_appTests */,
				841F215B27B32BE50084D6F1 /* practice_appUITests */,
			);
		};
/* End PBXProject section */

/* Begin PBXResourcesBuildPhase section */
		841F213A27B32BE20084D6F1 /* Resources */ = {
			isa = PBXResourcesBuildPhase;
			buildActionMask = 2147483647;
			files = (
				841F214C27B32BE40084D6F1 /* LaunchScreen.storyboard in Resources */,
				841F214927B32BE40084D6F1 /* Assets.xcassets in Resources */,
				841F214727B32BE20084D6F1 /* Main.storyboard in Resources */,
			);
			runOnlyForDeploymentPostprocessing = 0;
		};
		841F215027B32BE50084D6F1 /* Resources */ = {
			isa = PBXResourcesBuildPhase;
			buildActionMask = 2147483647;
			files = (
			);
			runOnlyForDeploymentPostprocessing = 0;
		};
		841F215A27B32BE50084D6F1 /* Resources */ = {
			isa = PBXResourcesBuildPhase;
			buildActionMask = 2147483647;
			files = (
			);
			runOnlyForDeploymentPostprocessing = 0;
		};
/* End PBXResourcesBuildPhase section */

/* Begin PBXSourcesBuildPhase section */
		841F213827B32BE20084D6F1 /* Sources */ = {
			isa = PBXSourcesBuildPhase;
			buildActionMask = 2147483647;
			files = (
				841F214427B32BE20084D6F1 /* ViewController.swift in Sources */,
				841F214027B32BE20084D6F1 /* AppDelegate.swift in Sources */,
				841F214227B32BE20084D6F1 /* SceneDelegate.swift in Sources */,
			);
			runOnlyForDeploymentPostprocessing = 0;
		};
		841F214E27B32BE50084D6F1 /* Sources */ = {
			isa = PBXSourcesBuildPhase;
			buildActionMask = 2147483647;
			files = (
				841F215727B32BE50084D6F1 /* practice_appTests.swift in Sources */,
			);
			runOnlyForDeploymentPostprocessing = 0;
		};
		841F215827B32BE50084D6F1 /* Sources */ = {
			isa = PBXSourcesBuildPhase;
			buildActionMask = 2147483647;
			files = (
				841F216127B32BE50084D6F1 /* practice_appUITests.swift in Sources */,
				841F216327B32BE50084D6F1 /* practice_appUITestsLaunchTests.swift in Sources */,
			);
			runOnlyForDeploymentPostprocessing = 0;
		};
/* End PBXSourcesBuildPhase section */

/* Begin PBXTargetDependency section */
		841F215427B32BE50084D6F1 /* PBXTargetDependency */ = {
			isa = PBXTargetDependency;
			target = 841F213B27B32BE20084D6F1 /* practice_app */;
			targetProxy = 841F215327B32BE50084D6F1 /* PBXContainerItemProxy */;
		};
		841F215E27B32BE50084D6F1 /* PBXTargetDependency */ = {
			isa = PBXTargetDependency;
			target = 841F213B27B32BE20084D6F1 /* practice_app */;
			targetProxy = 841F215D27B32BE50084D6F1 /* PBXContainerItemProxy */;
		};
/* End PBXTargetDependency section */

/* Begin PBXVariantGroup section */
		841F214527B32BE20084D6F1 /* Main.storyboard */ = {
			isa = PBXVariantGroup;
			children = (
				841F214627B32BE20084D6F1 /* Base */,
			);
			name = Main.storyboard;
			sourceTree = "<group>";
		};
		841F214A27B32BE40084D6F1 /* LaunchScreen.storyboard */ = {
			isa = PBXVariantGroup;
			children = (
				841F214B27B32BE40084D6F1 /* Base */,
			);
			name = LaunchScreen.storyboard;
			sourceTree = "<group>";
		};
/* End PBXVariantGroup section */

/* Begin XCBuildConfiguration section */
		841F216427B32BE50084D6F1 /* Debug */ = {
			isa = XCBuildConfiguration;
			buildSettings = {
				ALWAYS_SEARCH_USER_PATHS = NO;
				CLANG_ANALYZER_NONNULL = YES;
				CLANG_ANALYZER_NUMBER_OBJECT_CONVERSION = YES_AGGRESSIVE;
				CLANG_CXX_LANGUAGE_STANDARD = "gnu++17";
				CLANG_CXX_LIBRARY = "libc++";
				CLANG_ENABLE_MODULES = YES;
				CLANG_ENABLE_OBJC_ARC = YES;
				CLANG_ENABLE_OBJC_WEAK = YES;
				CLANG_WARN_BLOCK_CAPTURE_AUTORELEASING = YES;
				CLANG_WARN_BOOL_CONVERSION = YES;
				CLANG_WARN_COMMA = YES;
				CLANG_WARN_CONSTANT_CONVERSION = YES;
				CLANG_WARN_DEPRECATED_OBJC_IMPLEMENTATIONS = YES;
				CLANG_WARN_DIRECT_OBJC_ISA_USAGE = YES_ERROR;
				CLANG_WARN_DOCUMENTATION_COMMENTS = YES;
				CLANG_WARN_EMPTY_BODY = YES;
				CLANG_WARN_ENUM_CONVERSION = YES;
				CLANG_WARN_INFINITE_RECURSION = YES;
				CLANG_WARN_INT_CONVERSION = YES;
				CLANG_WARN_NON_LITERAL_NULL_CONVERSION = YES;
				CLANG_WARN_OBJC_IMPLICIT_RETAIN_SELF = YES;
				CLANG_WARN_OBJC_LITERAL_CONVERSION = YES;
				CLANG_WARN_OBJC_ROOT_CLASS = YES_ERROR;
				CLANG_WARN_QUOTED_INCLUDE_IN_FRAMEWORK_HEADER = YES;
				CLANG_WARN_RANGE_LOOP_ANALYSIS = YES;
				CLANG_WARN_STRICT_PROTOTYPES = YES;
				CLANG_WARN_SUSPICIOUS_MOVE = YES;
				CLANG_WARN_UNGUARDED_AVAILABILITY = YES_AGGRESSIVE;
				CLANG_WARN_UNREACHABLE_CODE = YES;
				CLANG_WARN__DUPLICATE_METHOD_MATCH = YES;
				COPY_PHASE_STRIP = NO;
				DEBUG_INFORMATION_FORMAT = dwarf;
				ENABLE_STRICT_OBJC_MSGSEND = YES;
				ENABLE_TESTABILITY = YES;
				GCC_C_LANGUAGE_STANDARD = gnu11;
				GCC_DYNAMIC_NO_PIC = NO;
				GCC_NO_COMMON_BLOCKS = YES;
				GCC_OPTIMIZATION_LEVEL = 0;
				GCC_PREPROCESSOR_DEFINITIONS = (
					"DEBUG=1",
					"$(inherited)",
				);
				GCC_WARN_64_TO_32_BIT_CONVERSION = YES;
				GCC_WARN_ABOUT_RETURN_TYPE = YES_ERROR;
				GCC_WARN_UNDECLARED_SELECTOR = YES;
				GCC_WARN_UNINITIALIZED_AUTOS = YES_AGGRESSIVE;
				GCC_WARN_UNUSED_FUNCTION = YES;
				GCC_WARN_UNUSED_VARIABLE = YES;
				IPHONEOS_DEPLOYMENT_TARGET = 15.2;
				MTL_ENABLE_DEBUG_INFO = INCLUDE_SOURCE;
				MTL_FAST_MATH = YES;
				ONLY_ACTIVE_ARCH = YES;
				SDKROOT = iphoneos;
				SWIFT_ACTIVE_COMPILATION_CONDITIONS = DEBUG;
				SWIFT_OPTIMIZATION_LEVEL = "-Onone";
			};
			name = Debug;
		};
		841F216527B32BE50084D6F1 /* Release */ = {
			isa = XCBuildConfiguration;
			buildSettings = {
				ALWAYS_SEARCH_USER_PATHS = NO;
				CLANG_ANALYZER_NONNULL = YES;
				CLANG_ANALYZER_NUMBER_OBJECT_CONVERSION = YES_AGGRESSIVE;
				CLANG_CXX_LANGUAGE_STANDARD = "gnu++17";
				CLANG_CXX_LIBRARY = "libc++";
				CLANG_ENABLE_MODULES = YES;
				CLANG_ENABLE_OBJC_ARC = YES;
				CLANG_ENABLE_OBJC_WEAK = YES;
				CLANG_WARN_BLOCK_CAPTURE_AUTORELEASING = YES;
				CLANG_WARN_BOOL_CONVERSION = YES;
				CLANG_WARN_COMMA = YES;
				CLANG_WARN_CONSTANT_CONVERSION = YES;
				CLANG_WARN_DEPRECATED_OBJC_IMPLEMENTATIONS = YES;
				CLANG_WARN_DIRECT_OBJC_ISA_USAGE = YES_ERROR;
				CLANG_WARN_DOCUMENTATION_COMMENTS = YES;
				CLANG_WARN_EMPTY_BODY = YES;
				CLANG_WARN_ENUM_CONVERSION = YES;
				CLANG_WARN_INFINITE_RECURSION = YES;
				CLANG_WARN_INT_CONVERSION = YES;
				CLANG_WARN_NON_LITERAL_NULL_CONVERSION = YES;
				CLANG_WARN_OBJC_IMPLICIT_RETAIN_SELF = YES;
				CLANG_WARN_OBJC_LITERAL_CONVERSION = YES;
				CLANG_WARN_OBJC_ROOT_CLASS = YES_ERROR;
				CLANG_WARN_QUOTED_INCLUDE_IN_FRAMEWORK_HEADER = YES;
				CLANG_WARN_RANGE_LOOP_ANALYSIS = YES;
				CLANG_WARN_STRICT_PROTOTYPES = YES;
				CLANG_WARN_SUSPICIOUS_MOVE = YES;
				CLANG_WARN_UNGUARDED_AVAILABILITY = YES_AGGRESSIVE;
				CLANG_WARN_UNREACHABLE_CODE = YES;
				CLANG_WARN__DUPLICATE_METHOD_MATCH = YES;
				COPY_PHASE_STRIP = NO;
				DEBUG_INFORMATION_FORMAT = "dwarf-with-dsym";
				ENABLE_NS_ASSERTIONS = NO;
				ENABLE_STRICT_OBJC_MSGSEND = YES;
				GCC_C_LANGUAGE_STANDARD = gnu11;
				GCC_NO_COMMON_BLOCKS = YES;
				GCC_WARN_64_TO_32_BIT_CONVERSION = YES;
				GCC_WARN_ABOUT_RETURN_TYPE = YES_ERROR;
				GCC_WARN_UNDECLARED_SELECTOR = YES;
				GCC_WARN_UNINITIALIZED_AUTOS = YES_AGGRESSIVE;
				GCC_WARN_UNUSED_FUNCTION = YES;
				GCC_WARN_UNUSED_VARIABLE = YES;
				IPHONEOS_DEPLOYMENT_TARGET = 15.2;
				MTL_ENABLE_DEBUG_INFO = NO;
				MTL_FAST_MATH = YES;
				SDKROOT = iphoneos;
				SWIFT_COMPILATION_MODE = wholemodule;
				SWIFT_OPTIMIZATION_LEVEL = "-O";
				VALIDATE_PRODUCT = YES;
			};
			name = Release;
		};
		841F216727B32BE50084D6F1 /* Debug */ = {
			isa = XCBuildConfiguration;
			buildSettings = {
				ASSETCATALOG_COMPILER_APPICON_NAME = AppIcon;
				ASSETCATALOG_COMPILER_GLOBAL_ACCENT_COLOR_NAME = AccentColor;
				CODE_SIGN_STYLE = Automatic;
				CURRENT_PROJECT_VERSION = 1;
				GENERATE_INFOPLIST_FILE = YES;
				INFOPLIST_FILE = practice_app/Info.plist;
				INFOPLIST_KEY_UIApplicationSupportsIndirectInputEvents = YES;
				INFOPLIST_KEY_UILaunchStoryboardName = LaunchScreen;
				INFOPLIST_KEY_UIMainStoryboardFile = Main;
				INFOPLIST_KEY_UISupportedInterfaceOrientations_iPad = "UIInterfaceOrientationPortrait UIInterfaceOrientationPortraitUpsideDown UIInterfaceOrientationLandscapeLeft UIInterfaceOrientationLandscapeRight";
				INFOPLIST_KEY_UISupportedInterfaceOrientations_iPhone = "UIInterfaceOrientationPortrait UIInterfaceOrientationLandscapeLeft UIInterfaceOrientationLandscapeRight";
				LD_RUNPATH_SEARCH_PATHS = (
					"$(inherited)",
					"@executable_path/Frameworks",
				);
				MARKETING_VERSION = 1.0;
				PRODUCT_BUNDLE_IDENTIFIER = "AdnanYK.practice-app";
				PRODUCT_NAME = "$(TARGET_NAME)";
				SWIFT_EMIT_LOC_STRINGS = YES;
				SWIFT_VERSION = 5.0;
				TARGETED_DEVICE_FAMILY = "1,2";
			};
			name = Debug;
		};
		841F216827B32BE50084D6F1 /* Release */ = {
			isa = XCBuildConfiguration;
			buildSettings = {
				ASSETCATALOG_COMPILER_APPICON_NAME = AppIcon;
				ASSETCATALOG_COMPILER_GLOBAL_ACCENT_COLOR_NAME = AccentColor;
				CODE_SIGN_STYLE = Automatic;
				CURRENT_PROJECT_VERSION = 1;
				GENERATE_INFOPLIST_FILE = YES;
				INFOPLIST_FILE = practice_app/Info.plist;
				INFOPLIST_KEY_UIApplicationSupportsIndirectInputEvents = YES;
				INFOPLIST_KEY_UILaunchStoryboardName = LaunchScreen;
				INFOPLIST_KEY_UIMainStoryboardFile = Main;
				INFOPLIST_KEY_UISupportedInterfaceOrientations_iPad = "UIInterfaceOrientationPortrait UIInterfaceOrientationPortraitUpsideDown UIInterfaceOrientationLandscapeLeft UIInterfaceOrientationLandscapeRight";
				INFOPLIST_KEY_UISupportedInterfaceOrientations_iPhone = "UIInterfaceOrientationPortrait UIInterfaceOrientationLandscapeLeft UIInterfaceOrientationLandscapeRight";
				LD_RUNPATH_SEARCH_PATHS = (
					"$(inherited)",
					"@executable_path/Frameworks",
				);
				MARKETING_VERSION = 1.0;
				PRODUCT_BUNDLE_IDENTIFIER = "AdnanYK.practice-app";
				PRODUCT_NAME = "$(TARGET_NAME)";
				SWIFT_EMIT_LOC_STRINGS = YES;
				SWIFT_VERSION = 5.0;
				TARGETED_DEVICE_FAMILY = "1,2";
			};
			name = Release;
		};
		841F216A27B32BE50084D6F1 /* Debug */ = {
			isa = XCBuildConfiguration;
			buildSettings = {
				ALWAYS_EMBED_SWIFT_STANDARD_LIBRARIES = YES;
				BUNDLE_LOADER = "$(TEST_HOST)";
				CODE_SIGN_STYLE = Automatic;
				CURRENT_PROJECT_VERSION = 1;
				GENERATE_INFOPLIST_FILE = YES;
				IPHONEOS_DEPLOYMENT_TARGET = 15.2;
				MARKETING_VERSION = 1.0;
				PRODUCT_BUNDLE_IDENTIFIER = "AdnanYK.practice-appTests";
				PRODUCT_NAME = "$(TARGET_NAME)";
				SWIFT_EMIT_LOC_STRINGS = NO;
				SWIFT_VERSION = 5.0;
				TARGETED_DEVICE_FAMILY = "1,2";
				TEST_HOST = "$(BUILT_PRODUCTS_DIR)/practice_app.app/practice_app";
			};
			name = Debug;
		};
		841F216B27B32BE50084D6F1 /* Release */ = {
			isa = XCBuildConfiguration;
			buildSettings = {
				ALWAYS_EMBED_SWIFT_STANDARD_LIBRARIES = YES;
				BUNDLE_LOADER = "$(TEST_HOST)";
				CODE_SIGN_STYLE = Automatic;
				CURRENT_PROJECT_VERSION = 1;
				GENERATE_INFOPLIST_FILE = YES;
				IPHONEOS_DEPLOYMENT_TARGET = 15.2;
				MARKETING_VERSION = 1.0;
				PRODUCT_BUNDLE_IDENTIFIER = "AdnanYK.practice-appTests";
				PRODUCT_NAME = "$(TARGET_NAME)";
				SWIFT_EMIT_LOC_STRINGS = NO;
				SWIFT_VERSION = 5.0;
				TARGETED_DEVICE_FAMILY = "1,2";
				TEST_HOST = "$(BUILT_PRODUCTS_DIR)/practice_app.app/practice_app";
			};
			name = Release;
		};
		841F216D27B32BE50084D6F1 /* Debug */ = {
			isa = XCBuildConfiguration;
			buildSettings = {
				ALWAYS_EMBED_SWIFT_STANDARD_LIBRARIES = YES;
				CODE_SIGN_STYLE = Automatic;
				CURRENT_PROJECT_VERSION = 1;
				GENERATE_INFOPLIST_FILE = YES;
				MARKETING_VERSION = 1.0;
				PRODUCT_BUNDLE_IDENTIFIER = "AdnanYK.practice-appUITests";
				PRODUCT_NAME = "$(TARGET_NAME)";
				SWIFT_EMIT_LOC_STRINGS = NO;
				SWIFT_VERSION = 5.0;
				TARGETED_DEVICE_FAMILY = "1,2";
				TEST_TARGET_NAME = practice_app;
			};
			name = Debug;
		};
		841F216E27B32BE50084D6F1 /* Release */ = {
			isa = XCBuildConfiguration;
			buildSettings = {
				ALWAYS_EMBED_SWIFT_STANDARD_LIBRARIES = YES;
				CODE_SIGN_STYLE = Automatic;
				CURRENT_PROJECT_VERSION = 1;
				GENERATE_INFOPLIST_FILE = YES;
				MARKETING_VERSION = 1.0;
				PRODUCT_BUNDLE_IDENTIFIER = "AdnanYK.practice-appUITests";
				PRODUCT_NAME = "$(TARGET_NAME)";
				SWIFT_EMIT_LOC_STRINGS = NO;
				SWIFT_VERSION = 5.0;
				TARGETED_DEVICE_FAMILY = "1,2";
				TEST_TARGET_NAME = practice_app;
			};
			name = Release;
		};
/* End XCBuildConfiguration section */

/* Begin XCConfigurationList section */
		841F213727B32BE20084D6F1 /* Build configuration list for PBXProject "practice_app" */ = {
			isa = XCConfigurationList;
			buildConfigurations = (
				841F216427B32BE50084D6F1 /* Debug */,
				841F216527B32BE50084D6F1 /* Release */,
			);
			defaultConfigurationIsVisible = 0;
			defaultConfigurationName = Release;
		};
		841F216627B32BE50084D6F1 /* Build configuration list for PBXNativeTarget "practice_app" */ = {
			isa = XCConfigurationList;
			buildConfigurations = (
				841F216727B32BE50084D6F1 /* Debug */,
				841F216827B32BE50084D6F1 /* Release */,
			);
			defaultConfigurationIsVisible = 0;
			defaultConfigurationName = Release;
		};
		841F216927B32BE50084D6F1 /* Build configuration list for PBXNativeTarget "practice_appTests" */ = {
			isa = XCConfigurationList;
			buildConfigurations = (
				841F216A27B32BE50084D6F1 /* Debug */,
				841F216B27B32BE50084D6F1 /* Release */,
			);
			defaultConfigurationIsVisible = 0;
			defaultConfigurationName = Release;
		};
		841F216C27B32BE50084D6F1 /* Build configuration list for PBXNativeTarget "practice_appUITests" */ = {
			isa = XCConfigurationList;
			buildConfigurations = (
				841F216D27B32BE50084D6F1 /* Debug */,
				841F216E27B32BE50084D6F1 /* Release */,
			);
			defaultConfigurationIsVisible = 0;
			defaultConfigurationName = Release;
		};
/* End XCConfigurationList section */
	};
	rootObject = 841F213427B32BE20084D6F1 /* Project object */;
}
